
Microsoft Visual Studio Solution File, Format Version 12.00
# Visual Studio Version 16
VisualStudioVersion = 16.0.30517.126
MinimumVisualStudioVersion = 10.0.40219.1
Project("{FAE04EC0-301F-11D3-BF4B-00C04F79EFBC}") = "Social-media", "Social-media.csproj", "{66600C6C-2B8A-4716-900B-50A9612503E9}"
EndProject
Project("{FAE04EC0-301F-11D3-BF4B-00C04F79EFBC}") = "Social-media.Core", "..\Social-media.Core\Social-media.Core.csproj", "{53522414-6B55-40D3-9A60-6A7AD3E88B82}"
EndProject
Project("{FAE04EC0-301F-11D3-BF4B-00C04F79EFBC}") = "Social-media.Data", "..\Social-media.Data\Social-media.Data.csproj", "{D9D850D3-EAFF-45C5-9B95-FF0DE68D382E}"
EndProject
Project("{FAE04EC0-301F-11D3-BF4B-00C04F79EFBC}") = "Social-media.Services", "..\Social-media.Services\Social-media.Services.csproj", "{F9C46EDC-110B-4680-8984-246BEC225889}"
EndProject
Global
	GlobalSection(SolutionConfigurationPlatforms) = preSolution
		Debug|Any CPU = Debug|Any CPU
		Release|Any CPU = Release|Any CPU
	EndGlobalSection
	GlobalSection(ProjectConfigurationPlatforms) = postSolution
		{66600C6C-2B8A-4716-900B-50A9612503E9}.Debug|Any CPU.ActiveCfg = Debug|Any CPU
		{66600C6C-2B8A-4716-900B-50A9612503E9}.Debug|Any CPU.Build.0 = Debug|Any CPU
		{66600C6C-2B8A-4716-900B-50A9612503E9}.Release|Any CPU.ActiveCfg = Release|Any CPU
		{66600C6C-2B8A-4716-900B-50A9612503E9}.Release|Any CPU.Build.0 = Release|Any CPU
		{53522414-6B55-40D3-9A60-6A7AD3E88B82}.Debug|Any CPU.ActiveCfg = Debug|Any CPU
		{53522414-6B55-40D3-9A60-6A7AD3E88B82}.Debug|Any CPU.Build.0 = Debug|Any CPU
		{53522414-6B55-40D3-9A60-6A7AD3E88B82}.Release|Any CPU.ActiveCfg = Release|Any CPU
		{53522414-6B55-40D3-9A60-6A7AD3E88B82}.Release|Any CPU.Build.0 = Release|Any CPU
		{D9D850D3-EAFF-45C5-9B95-FF0DE68D382E}.Debug|Any CPU.ActiveCfg = Debug|Any CPU
		{D9D850D3-EAFF-45C5-9B95-FF0DE68D382E}.Debug|Any CPU.Build.0 = Debug|Any CPU
		{D9D850D3-EAFF-45C5-9B95-FF0DE68D382E}.Release|Any CPU.ActiveCfg = Release|Any CPU
		{D9D850D3-EAFF-45C5-9B95-FF0DE68D382E}.Release|Any CPU.Build.0 = Release|Any CPU
		{F9C46EDC-110B-4680-8984-246BEC225889}.Debug|Any CPU.ActiveCfg = Debug|Any CPU
		{F9C46EDC-110B-4680-8984-246BEC225889}.Debug|Any CPU.Build.0 = Debug|Any CPU
		{F9C46EDC-110B-4680-8984-246BEC225889}.Release|Any CPU.ActiveCfg = Release|Any CPU
		{F9C46EDC-110B-4680-8984-246BEC225889}.Release|Any CPU.Build.0 = Release|Any CPU
	EndGlobalSection
	GlobalSection(SolutionProperties) = preSolution
		HideSolutionNode = FALSE
	EndGlobalSection
	GlobalSection(ExtensibilityGlobals) = postSolution
		SolutionGuid = {A17B7ECA-4975-49EC-B6C9-C2AE472858E9}
	EndGlobalSection
EndGlobal
